{
  "name": "algoritmos-js",
  "version": "1.0.0",
  "lockfileVersion": 2,
  "requires": true,
  "packages": {
    "": {
      "name": "algoritmos-js",
      "version": "1.0.0",
      "license": "ISC",
      "dependencies": {
        "learning-console": "^1.1.0"
      }
    },
    "node_modules/learning-console": {
      "version": "1.1.0",
      "resolved": "https://registry.npmjs.org/learning-console/-/learning-console-1.1.0.tgz",
      "integrity": "sha512-/q8qu2yy0RE6KvVOWRkF1kAR0Q7FAQOl2b177j11pTZ0nG4iOhoRLa2OPai+rAUpdbMLZxgvWaqjRGCaCYIxAw==",
      "dependencies": {
        "readline-sync": "^1.4.10"
      }
    },
    "node_modules/readline-sync": {
      "version": "1.4.10",
      "resolved": "https://registry.npmjs.org/readline-sync/-/readline-sync-1.4.10.tgz",
      "integrity": "sha512-gNva8/6UAe8QYepIQH/jQ2qn91Qj0B9sYjMBBs3QOB8F2CXcKgLxQaJRP76sWVRQt+QU+8fAkCbCvjjMFu7Ycw==",
      "engines": {
        "node": ">= 0.8.0"
      }
    }
  },
  "dependencies": {
    "learning-console": {
      "version": "1.1.0",
      "resolved": "https://registry.npmjs.org/learning-console/-/learning-console-1.1.0.tgz",
      "integrity": "sha512-/q8qu2yy0RE6KvVOWRkF1kAR0Q7FAQOl2b177j11pTZ0nG4iOhoRLa2OPai+rAUpdbMLZxgvWaqjRGCaCYIxAw==",
      "requires": {
        "readline-sync": "^1.4.10"
      }
    },
    "readline-sync": {
      "version": "1.4.10",
      "resolved": "https://registry.npmjs.org/readline-sync/-/readline-sync-1.4.10.tgz",
      "integrity": "sha512-gNva8/6UAe8QYepIQH/jQ2qn91Qj0B9sYjMBBs3QOB8F2CXcKgLxQaJRP76sWVRQt+QU+8fAkCbCvjjMFu7Ycw=="
    }
  }
}
